
Microsoft Visual Studio Solution File, Format Version 12.00
# Visual Studio 14
VisualStudioVersion = 14.0.25420.1
MinimumVisualStudioVersion = 10.0.40219.1
Project("{FAE04EC0-301F-11D3-BF4B-00C04F79EFBC}") = "SignalRServerApplication", "MySignalRServerApplication\SignalRServerApplication.csproj", "{F94C9A55-C406-4CF1-99BB-A6CACE469AB4}"
EndProject
Project("{8BC9CEB8-8B4A-11D0-8D11-00A0C91BC942}") = "CppClientApplication", "CppClientApplication\CppClientApplication.vcxproj", "{8D815D80-20F3-4C4F-8E9B-4DE98CBC62DD}"
EndProject
Project("{FAE04EC0-301F-11D3-BF4B-00C04F79EFBC}") = "CSharpClient", "CSharpClient\CSharpClient.csproj", "{099C9ED4-BEA3-416D-B737-9EFC4256AB73}"
EndProject
Global
	GlobalSection(SolutionConfigurationPlatforms) = preSolution
		Debug|Any CPU = Debug|Any CPU
		Debug|x64 = Debug|x64
		Debug|x86 = Debug|x86
		Release|Any CPU = Release|Any CPU
		Release|x64 = Release|x64
		Release|x86 = Release|x86
	EndGlobalSection
	GlobalSection(ProjectConfigurationPlatforms) = postSolution
		{F94C9A55-C406-4CF1-99BB-A6CACE469AB4}.Debug|Any CPU.ActiveCfg = Debug|Any CPU
		{F94C9A55-C406-4CF1-99BB-A6CACE469AB4}.Debug|Any CPU.Build.0 = Debug|Any CPU
		{F94C9A55-C406-4CF1-99BB-A6CACE469AB4}.Debug|x64.ActiveCfg = Debug|Any CPU
		{F94C9A55-C406-4CF1-99BB-A6CACE469AB4}.Debug|x64.Build.0 = Debug|Any CPU
		{F94C9A55-C406-4CF1-99BB-A6CACE469AB4}.Debug|x86.ActiveCfg = Debug|Any CPU
		{F94C9A55-C406-4CF1-99BB-A6CACE469AB4}.Debug|x86.Build.0 = Debug|Any CPU
		{F94C9A55-C406-4CF1-99BB-A6CACE469AB4}.Release|Any CPU.ActiveCfg = Release|Any CPU
		{F94C9A55-C406-4CF1-99BB-A6CACE469AB4}.Release|Any CPU.Build.0 = Release|Any CPU
		{F94C9A55-C406-4CF1-99BB-A6CACE469AB4}.Release|x64.ActiveCfg = Release|Any CPU
		{F94C9A55-C406-4CF1-99BB-A6CACE469AB4}.Release|x64.Build.0 = Release|Any CPU
		{F94C9A55-C406-4CF1-99BB-A6CACE469AB4}.Release|x86.ActiveCfg = Release|Any CPU
		{F94C9A55-C406-4CF1-99BB-A6CACE469AB4}.Release|x86.Build.0 = Release|Any CPU
		{8D815D80-20F3-4C4F-8E9B-4DE98CBC62DD}.Debug|Any CPU.ActiveCfg = Debug|Win32
		{8D815D80-20F3-4C4F-8E9B-4DE98CBC62DD}.Debug|x64.ActiveCfg = Debug|x64
		{8D815D80-20F3-4C4F-8E9B-4DE98CBC62DD}.Debug|x64.Build.0 = Debug|x64
		{8D815D80-20F3-4C4F-8E9B-4DE98CBC62DD}.Debug|x86.ActiveCfg = Debug|Win32
		{8D815D80-20F3-4C4F-8E9B-4DE98CBC62DD}.Debug|x86.Build.0 = Debug|Win32
		{8D815D80-20F3-4C4F-8E9B-4DE98CBC62DD}.Release|Any CPU.ActiveCfg = Release|Win32
		{8D815D80-20F3-4C4F-8E9B-4DE98CBC62DD}.Release|x64.ActiveCfg = Release|x64
		{8D815D80-20F3-4C4F-8E9B-4DE98CBC62DD}.Release|x64.Build.0 = Release|x64
		{8D815D80-20F3-4C4F-8E9B-4DE98CBC62DD}.Release|x86.ActiveCfg = Release|Win32
		{8D815D80-20F3-4C4F-8E9B-4DE98CBC62DD}.Release|x86.Build.0 = Release|Win32
		{099C9ED4-BEA3-416D-B737-9EFC4256AB73}.Debug|Any CPU.ActiveCfg = Debug|Any CPU
		{099C9ED4-BEA3-416D-B737-9EFC4256AB73}.Debug|Any CPU.Build.0 = Debug|Any CPU
		{099C9ED4-BEA3-416D-B737-9EFC4256AB73}.Debug|x64.ActiveCfg = Debug|Any CPU
		{099C9ED4-BEA3-416D-B737-9EFC4256AB73}.Debug|x64.Build.0 = Debug|Any CPU
		{099C9ED4-BEA3-416D-B737-9EFC4256AB73}.Debug|x86.ActiveCfg = Debug|Any CPU
		{099C9ED4-BEA3-416D-B737-9EFC4256AB73}.Debug|x86.Build.0 = Debug|Any CPU
		{099C9ED4-BEA3-416D-B737-9EFC4256AB73}.Release|Any CPU.ActiveCfg = Release|Any CPU
		{099C9ED4-BEA3-416D-B737-9EFC4256AB73}.Release|Any CPU.Build.0 = Release|Any CPU
		{099C9ED4-BEA3-416D-B737-9EFC4256AB73}.Release|x64.ActiveCfg = Release|Any CPU
		{099C9ED4-BEA3-416D-B737-9EFC4256AB73}.Release|x64.Build.0 = Release|Any CPU
		{099C9ED4-BEA3-416D-B737-9EFC4256AB73}.Release|x86.ActiveCfg = Release|Any CPU
		{099C9ED4-BEA3-416D-B737-9EFC4256AB73}.Release|x86.Build.0 = Release|Any CPU
	EndGlobalSection
	GlobalSection(SolutionProperties) = preSolution
		HideSolutionNode = FALSE
	EndGlobalSection
EndGlobal
